// !$*UTF8*$!
{
	archiveVersion = 1;
	classes = {
	};
	objectVersion = 55;
	objects = {

/* Begin PBXBuildFile section */
		227AC7AE5EB897814320A3D3 /* Pods_Weather_App.framework in Frameworks */ = {isa = PBXBuildFile; fileRef = CEC8CA2A17474444B595447E /* Pods_Weather_App.framework */; };
		F81CEB222762874C0079AB5A /* AppDelegate.swift in Sources */ = {isa = PBXBuildFile; fileRef = F81CEB212762874C0079AB5A /* AppDelegate.swift */; };
		F81CEB242762874C0079AB5A /* SceneDelegate.swift in Sources */ = {isa = PBXBuildFile; fileRef = F81CEB232762874C0079AB5A /* SceneDelegate.swift */; };
		F81CEB262762874C0079AB5A /* HomeViewController.swift in Sources */ = {isa = PBXBuildFile; fileRef = F81CEB252762874C0079AB5A /* HomeViewController.swift */; };
		F81CEB292762874C0079AB5A /* Main.storyboard in Resources */ = {isa = PBXBuildFile; fileRef = F81CEB272762874C0079AB5A /* Main.storyboard */; };
		F81CEB2C2762874C0079AB5A /* Weather_App.xcdatamodeld in Sources */ = {isa = PBXBuildFile; fileRef = F81CEB2A2762874C0079AB5A /* Weather_App.xcdatamodeld */; };
		F81CEB2E2762874C0079AB5A /* Assets.xcassets in Resources */ = {isa = PBXBuildFile; fileRef = F81CEB2D2762874C0079AB5A /* Assets.xcassets */; };
		F81CEB312762874C0079AB5A /* LaunchScreen.storyboard in Resources */ = {isa = PBXBuildFile; fileRef = F81CEB2F2762874C0079AB5A /* LaunchScreen.storyboard */; };
		F81CEB40276290DC0079AB5A /* Keys.swift in Sources */ = {isa = PBXBuildFile; fileRef = F81CEB3F276290DC0079AB5A /* Keys.swift */; };
		F81CEB42276291260079AB5A /* ApiManager.swift in Sources */ = {isa = PBXBuildFile; fileRef = F81CEB41276291260079AB5A /* ApiManager.swift */; };
		F81CEB4427629A950079AB5A /* Models.swift in Sources */ = {isa = PBXBuildFile; fileRef = F81CEB4327629A950079AB5A /* Models.swift */; };
		F81CEB462762A0D60079AB5A /* ResponseTypes.swift in Sources */ = {isa = PBXBuildFile; fileRef = F81CEB452762A0D60079AB5A /* ResponseTypes.swift */; };
/* End PBXBuildFile section */

/* Begin PBXFileReference section */
		200C76BE4BB7F67EE9B60F93 /* Pods-Weather App.debug.xcconfig */ = {isa = PBXFileReference; includeInIndex = 1; lastKnownFileType = text.xcconfig; name = "Pods-Weather App.debug.xcconfig"; path = "Target Support Files/Pods-Weather App/Pods-Weather App.debug.xcconfig"; sourceTree = "<group>"; };
		2202CFE2E100197440970D98 /* Pods-Weather App.release.xcconfig */ = {isa = PBXFileReference; includeInIndex = 1; lastKnownFileType = text.xcconfig; name = "Pods-Weather App.release.xcconfig"; path = "Target Support Files/Pods-Weather App/Pods-Weather App.release.xcconfig"; sourceTree = "<group>"; };
		CEC8CA2A17474444B595447E /* Pods_Weather_App.framework */ = {isa = PBXFileReference; explicitFileType = wrapper.framework; includeInIndex = 0; path = Pods_Weather_App.framework; sourceTree = BUILT_PRODUCTS_DIR; };
		F81CEB1E2762874C0079AB5A /* Weather App.app */ = {isa = PBXFileReference; explicitFileType = wrapper.application; includeInIndex = 0; path = "Weather App.app"; sourceTree = BUILT_PRODUCTS_DIR; };
		F81CEB212762874C0079AB5A /* AppDelegate.swift */ = {isa = PBXFileReference; lastKnownFileType = sourcecode.swift; path = AppDelegate.swift; sourceTree = "<group>"; };
		F81CEB232762874C0079AB5A /* SceneDelegate.swift */ = {isa = PBXFileReference; lastKnownFileType = sourcecode.swift; path = SceneDelegate.swift; sourceTree = "<group>"; };
		F81CEB252762874C0079AB5A /* HomeViewController.swift */ = {isa = PBXFileReference; lastKnownFileType = sourcecode.swift; path = HomeViewController.swift; sourceTree = "<group>"; };
		F81CEB282762874C0079AB5A /* Base */ = {isa = PBXFileReference; lastKnownFileType = file.storyboard; name = Base; path = Base.lproj/Main.storyboard; sourceTree = "<group>"; };
		F81CEB2B2762874C0079AB5A /* Weather_App.xcdatamodel */ = {isa = PBXFileReference; lastKnownFileType = wrapper.xcdatamodel; path = Weather_App.xcdatamodel; sourceTree = "<group>"; };
		F81CEB2D2762874C0079AB5A /* Assets.xcassets */ = {isa = PBXFileReference; lastKnownFileType = folder.assetcatalog; path = Assets.xcassets; sourceTree = "<group>"; };
		F81CEB302762874C0079AB5A /* Base */ = {isa = PBXFileReference; lastKnownFileType = file.storyboard; name = Base; path = Base.lproj/LaunchScreen.storyboard; sourceTree = "<group>"; };
		F81CEB322762874C0079AB5A /* Info.plist */ = {isa = PBXFileReference; lastKnownFileType = text.plist.xml; path = Info.plist; sourceTree = "<group>"; };
		F81CEB3F276290DC0079AB5A /* Keys.swift */ = {isa = PBXFileReference; lastKnownFileType = sourcecode.swift; path = Keys.swift; sourceTree = "<group>"; };
		F81CEB41276291260079AB5A /* ApiManager.swift */ = {isa = PBXFileReference; lastKnownFileType = sourcecode.swift; path = ApiManager.swift; sourceTree = "<group>"; };
		F81CEB4327629A950079AB5A /* Models.swift */ = {isa = PBXFileReference; lastKnownFileType = sourcecode.swift; path = Models.swift; sourceTree = "<group>"; };
		F81CEB452762A0D60079AB5A /* ResponseTypes.swift */ = {isa = PBXFileReference; lastKnownFileType = sourcecode.swift; path = ResponseTypes.swift; sourceTree = "<group>"; };
/* End PBXFileReference section */

/* Begin PBXFrameworksBuildPhase section */
		F81CEB1B2762874C0079AB5A /* Frameworks */ = {
			isa = PBXFrameworksBuildPhase;
			buildActionMask = 2147483647;
			files = (
				227AC7AE5EB897814320A3D3 /* Pods_Weather_App.framework in Frameworks */,
			);
			runOnlyForDeploymentPostprocessing = 0;
		};
/* End PBXFrameworksBuildPhase section */

/* Begin PBXGroup section */
		C4F43886453F2F84A2472580 /* Pods */ = {
			isa = PBXGroup;
			children = (
				200C76BE4BB7F67EE9B60F93 /* Pods-Weather App.debug.xcconfig */,
				2202CFE2E100197440970D98 /* Pods-Weather App.release.xcconfig */,
			);
			path = Pods;
			sourceTree = "<group>";
		};
		D2F8AC6F9A13717EAA82E8F9 /* Frameworks */ = {
			isa = PBXGroup;
			children = (
				CEC8CA2A17474444B595447E /* Pods_Weather_App.framework */,
			);
			name = Frameworks;
			sourceTree = "<group>";
		};
		F81CEB152762874C0079AB5A = {
			isa = PBXGroup;
			children = (
				F81CEB202762874C0079AB5A /* Weather App */,
				F81CEB1F2762874C0079AB5A /* Products */,
				C4F43886453F2F84A2472580 /* Pods */,
				D2F8AC6F9A13717EAA82E8F9 /* Frameworks */,
			);
			sourceTree = "<group>";
		};
		F81CEB1F2762874C0079AB5A /* Products */ = {
			isa = PBXGroup;
			children = (
				F81CEB1E2762874C0079AB5A /* Weather App.app */,
			);
			name = Products;
			sourceTree = "<group>";
		};
		F81CEB202762874C0079AB5A /* Weather App */ = {
			isa = PBXGroup;
			children = (
				F81CEB3E27628EEE0079AB5A /* Keys */,
				F81CEB3D27628E940079AB5A /* Managers */,
				F81CEB3C27628E8C0079AB5A /* Models */,
				F81CEB3A276288430079AB5A /* Views */,
				F81CEB39276288390079AB5A /* Controllers */,
				F81CEB382762882C0079AB5A /* Resources */,
				F81CEB322762874C0079AB5A /* Info.plist */,
				F81CEB2A2762874C0079AB5A /* Weather_App.xcdatamodeld */,
			);
			path = "Weather App";
			sourceTree = "<group>";
		};
		F81CEB382762882C0079AB5A /* Resources */ = {
			isa = PBXGroup;
			children = (
				F81CEB2D2762874C0079AB5A /* Assets.xcassets */,
				F81CEB212762874C0079AB5A /* AppDelegate.swift */,
				F81CEB232762874C0079AB5A /* SceneDelegate.swift */,
			);
			path = Resources;
			sourceTree = "<group>";
		};
		F81CEB39276288390079AB5A /* Controllers */ = {
			isa = PBXGroup;
			children = (
				F81CEB252762874C0079AB5A /* HomeViewController.swift */,
			);
			path = Controllers;
			sourceTree = "<group>";
		};
		F81CEB3A276288430079AB5A /* Views */ = {
			isa = PBXGroup;
			children = (
				F81CEB3B276288480079AB5A /* Storyboards */,
			);
			path = Views;
			sourceTree = "<group>";
		};
		F81CEB3B276288480079AB5A /* Storyboards */ = {
			isa = PBXGroup;
			children = (
				F81CEB272762874C0079AB5A /* Main.storyboard */,
				F81CEB2F2762874C0079AB5A /* LaunchScreen.storyboard */,
			);
			path = Storyboards;
			sourceTree = "<group>";
		};
		F81CEB3C27628E8C0079AB5A /* Models */ = {
			isa = PBXGroup;
			children = (
				F81CEB4327629A950079AB5A /* Models.swift */,
				F81CEB452762A0D60079AB5A /* ResponseTypes.swift */,
			);
			path = Models;
			sourceTree = "<group>";
		};
		F81CEB3D27628E940079AB5A /* Managers */ = {
			isa = PBXGroup;
			children = (
				F81CEB41276291260079AB5A /* ApiManager.swift */,
			);
			path = Managers;
			sourceTree = "<group>";
		};
		F81CEB3E27628EEE0079AB5A /* Keys */ = {
			isa = PBXGroup;
			children = (
				F81CEB3F276290DC0079AB5A /* Keys.swift */,
			);
			path = Keys;
			sourceTree = "<group>";
		};
/* End PBXGroup section */

/* Begin PBXNativeTarget section */
		F81CEB1D2762874C0079AB5A /* Weather App */ = {
			isa = PBXNativeTarget;
			buildConfigurationList = F81CEB352762874C0079AB5A /* Build configuration list for PBXNativeTarget "Weather App" */;
			buildPhases = (
				7615052622C4B20A859A540B /* [CP] Check Pods Manifest.lock */,
				F81CEB1A2762874C0079AB5A /* Sources */,
				F81CEB1B2762874C0079AB5A /* Frameworks */,
				F81CEB1C2762874C0079AB5A /* Resources */,
				9D3DA22CB239C99DE126C40E /* [CP] Embed Pods Frameworks */,
			);
			buildRules = (
			);
			dependencies = (
			);
			name = "Weather App";
			productName = "Weather App";
			productReference = F81CEB1E2762874C0079AB5A /* Weather App.app */;
			productType = "com.apple.product-type.application";
		};
/* End PBXNativeTarget section */

/* Begin PBXProject section */
		F81CEB162762874C0079AB5A /* Project object */ = {
			isa = PBXProject;
			attributes = {
				BuildIndependentTargetsInParallel = 1;
				LastSwiftUpdateCheck = 1310;
				LastUpgradeCheck = 1310;
				TargetAttributes = {
					F81CEB1D2762874C0079AB5A = {
						CreatedOnToolsVersion = 13.1;
					};
				};
			};
			buildConfigurationList = F81CEB192762874C0079AB5A /* Build configuration list for PBXProject "Weather App" */;
			compatibilityVersion = "Xcode 13.0";
			developmentRegion = en;
			hasScannedForEncodings = 0;
			knownRegions = (
				en,
				Base,
			);
			mainGroup = F81CEB152762874C0079AB5A;
			productRefGroup = F81CEB1F2762874C0079AB5A /* Products */;
			projectDirPath = "";
			projectRoot = "";
			targets = (
				F81CEB1D2762874C0079AB5A /* Weather App */,
			);
		};
/* End PBXProject section */

/* Begin PBXResourcesBuildPhase section */
		F81CEB1C2762874C0079AB5A /* Resources */ = {
			isa = PBXResourcesBuildPhase;
			buildActionMask = 2147483647;
			files = (
				F81CEB312762874C0079AB5A /* LaunchScreen.storyboard in Resources */,
				F81CEB2E2762874C0079AB5A /* Assets.xcassets in Resources */,
				F81CEB292762874C0079AB5A /* Main.storyboard in Resources */,
			);
			runOnlyForDeploymentPostprocessing = 0;
		};
/* End PBXResourcesBuildPhase section */

/* Begin PBXShellScriptBuildPhase section */
		7615052622C4B20A859A540B /* [CP] Check Pods Manifest.lock */ = {
			isa = PBXShellScriptBuildPhase;
			buildActionMask = 2147483647;
			files = (
			);
			inputFileListPaths = (
			);
			inputPaths = (
				"${PODS_PODFILE_DIR_PATH}/Podfile.lock",
				"${PODS_ROOT}/Manifest.lock",
			);
			name = "[CP] Check Pods Manifest.lock";
			outputFileListPaths = (
			);
			outputPaths = (
				"$(DERIVED_FILE_DIR)/Pods-Weather App-checkManifestLockResult.txt",
			);
			runOnlyForDeploymentPostprocessing = 0;
			shellPath = /bin/sh;
			shellScript = "diff \"${PODS_PODFILE_DIR_PATH}/Podfile.lock\" \"${PODS_ROOT}/Manifest.lock\" > /dev/null\nif [ $? != 0 ] ; then\n    # print error to STDERR\n    echo \"error: The sandbox is not in sync with the Podfile.lock. Run 'pod install' or update your CocoaPods installation.\" >&2\n    exit 1\nfi\n# This output is used by Xcode 'outputs' to avoid re-running this script phase.\necho \"SUCCESS\" > \"${SCRIPT_OUTPUT_FILE_0}\"\n";
			showEnvVarsInLog = 0;
		};
		9D3DA22CB239C99DE126C40E /* [CP] Embed Pods Frameworks */ = {
			isa = PBXShellScriptBuildPhase;
			buildActionMask = 2147483647;
			files = (
			);
			inputFileListPaths = (
				"${PODS_ROOT}/Target Support Files/Pods-Weather App/Pods-Weather App-frameworks-${CONFIGURATION}-input-files.xcfilelist",
			);
			name = "[CP] Embed Pods Frameworks";
			outputFileListPaths = (
				"${PODS_ROOT}/Target Support Files/Pods-Weather App/Pods-Weather App-frameworks-${CONFIGURATION}-output-files.xcfilelist",
			);
			runOnlyForDeploymentPostprocessing = 0;
			shellPath = /bin/sh;
			shellScript = "\"${PODS_ROOT}/Target Support Files/Pods-Weather App/Pods-Weather App-frameworks.sh\"\n";
			showEnvVarsInLog = 0;
		};
/* End PBXShellScriptBuildPhase section */

/* Begin PBXSourcesBuildPhase section */
		F81CEB1A2762874C0079AB5A /* Sources */ = {
			isa = PBXSourcesBuildPhase;
			buildActionMask = 2147483647;
			files = (
				F81CEB2C2762874C0079AB5A /* Weather_App.xcdatamodeld in Sources */,
				F81CEB262762874C0079AB5A /* HomeViewController.swift in Sources */,
				F81CEB462762A0D60079AB5A /* ResponseTypes.swift in Sources */,
				F81CEB222762874C0079AB5A /* AppDelegate.swift in Sources */,
				F81CEB242762874C0079AB5A /* SceneDelegate.swift in Sources */,
				F81CEB42276291260079AB5A /* ApiManager.swift in Sources */,
				F81CEB40276290DC0079AB5A /* Keys.swift in Sources */,
				F81CEB4427629A950079AB5A /* Models.swift in Sources */,
			);
			runOnlyForDeploymentPostprocessing = 0;
		};
/* End PBXSourcesBuildPhase section */

/* Begin PBXVariantGroup section */
		F81CEB272762874C0079AB5A /* Main.storyboard */ = {
			isa = PBXVariantGroup;
			children = (
				F81CEB282762874C0079AB5A /* Base */,
			);
			name = Main.storyboard;
			sourceTree = "<group>";
		};
		F81CEB2F2762874C0079AB5A /* LaunchScreen.storyboard */ = {
			isa = PBXVariantGroup;
			children = (
				F81CEB302762874C0079AB5A /* Base */,
			);
			name = LaunchScreen.storyboard;
			sourceTree = "<group>";
		};
/* End PBXVariantGroup section */

/* Begin XCBuildConfiguration section */
		F81CEB332762874C0079AB5A /* Debug */ = {
			isa = XCBuildConfiguration;
			buildSettings = {
				ALWAYS_SEARCH_USER_PATHS = NO;
				CLANG_ANALYZER_NONNULL = YES;
				CLANG_ANALYZER_NUMBER_OBJECT_CONVERSION = YES_AGGRESSIVE;
				CLANG_CXX_LANGUAGE_STANDARD = "gnu++17";
				CLANG_CXX_LIBRARY = "libc++";
				CLANG_ENABLE_MODULES = YES;
				CLANG_ENABLE_OBJC_ARC = YES;
				CLANG_ENABLE_OBJC_WEAK = YES;
				CLANG_WARN_BLOCK_CAPTURE_AUTORELEASING = YES;
				CLANG_WARN_BOOL_CONVERSION = YES;
				CLANG_WARN_COMMA = YES;
				CLANG_WARN_CONSTANT_CONVERSION = YES;
				CLANG_WARN_DEPRECATED_OBJC_IMPLEMENTATIONS = YES;
				CLANG_WARN_DIRECT_OBJC_ISA_USAGE = YES_ERROR;
				CLANG_WARN_DOCUMENTATION_COMMENTS = YES;
				CLANG_WARN_EMPTY_BODY = YES;
				CLANG_WARN_ENUM_CONVERSION = YES;
				CLANG_WARN_INFINITE_RECURSION = YES;
				CLANG_WARN_INT_CONVERSION = YES;
				CLANG_WARN_NON_LITERAL_NULL_CONVERSION = YES;
				CLANG_WARN_OBJC_IMPLICIT_RETAIN_SELF = YES;
				CLANG_WARN_OBJC_LITERAL_CONVERSION = YES;
				CLANG_WARN_OBJC_ROOT_CLASS = YES_ERROR;
				CLANG_WARN_QUOTED_INCLUDE_IN_FRAMEWORK_HEADER = YES;
				CLANG_WARN_RANGE_LOOP_ANALYSIS = YES;
				CLANG_WARN_STRICT_PROTOTYPES = YES;
				CLANG_WARN_SUSPICIOUS_MOVE = YES;
				CLANG_WARN_UNGUARDED_AVAILABILITY = YES_AGGRESSIVE;
				CLANG_WARN_UNREACHABLE_CODE = YES;
				CLANG_WARN__DUPLICATE_METHOD_MATCH = YES;
				COPY_PHASE_STRIP = NO;
				DEBUG_INFORMATION_FORMAT = dwarf;
				ENABLE_STRICT_OBJC_MSGSEND = YES;
				ENABLE_TESTABILITY = YES;
				GCC_C_LANGUAGE_STANDARD = gnu11;
				GCC_DYNAMIC_NO_PIC = NO;
				GCC_NO_COMMON_BLOCKS = YES;
				GCC_OPTIMIZATION_LEVEL = 0;
				GCC_PREPROCESSOR_DEFINITIONS = (
					"DEBUG=1",
					"$(inherited)",
				);
				GCC_WARN_64_TO_32_BIT_CONVERSION = YES;
				GCC_WARN_ABOUT_RETURN_TYPE = YES_ERROR;
				GCC_WARN_UNDECLARED_SELECTOR = YES;
				GCC_WARN_UNINITIALIZED_AUTOS = YES_AGGRESSIVE;
				GCC_WARN_UNUSED_FUNCTION = YES;
				GCC_WARN_UNUSED_VARIABLE = YES;
				IPHONEOS_DEPLOYMENT_TARGET = 15.0;
				MTL_ENABLE_DEBUG_INFO = INCLUDE_SOURCE;
				MTL_FAST_MATH = YES;
				ONLY_ACTIVE_ARCH = YES;
				SDKROOT = iphoneos;
				SWIFT_ACTIVE_COMPILATION_CONDITIONS = DEBUG;
				SWIFT_OPTIMIZATION_LEVEL = "-Onone";
			};
			name = Debug;
		};
		F81CEB342762874C0079AB5A /* Release */ = {
			isa = XCBuildConfiguration;
			buildSettings = {
				ALWAYS_SEARCH_USER_PATHS = NO;
				CLANG_ANALYZER_NONNULL = YES;
				CLANG_ANALYZER_NUMBER_OBJECT_CONVERSION = YES_AGGRESSIVE;
				CLANG_CXX_LANGUAGE_STANDARD = "gnu++17";
				CLANG_CXX_LIBRARY = "libc++";
				CLANG_ENABLE_MODULES = YES;
				CLANG_ENABLE_OBJC_ARC = YES;
				CLANG_ENABLE_OBJC_WEAK = YES;
				CLANG_WARN_BLOCK_CAPTURE_AUTORELEASING = YES;
				CLANG_WARN_BOOL_CONVERSION = YES;
				CLANG_WARN_COMMA = YES;
				CLANG_WARN_CONSTANT_CONVERSION = YES;
				CLANG_WARN_DEPRECATED_OBJC_IMPLEMENTATIONS = YES;
				CLANG_WARN_DIRECT_OBJC_ISA_USAGE = YES_ERROR;
				CLANG_WARN_DOCUMENTATION_COMMENTS = YES;
				CLANG_WARN_EMPTY_BODY = YES;
				CLANG_WARN_ENUM_CONVERSION = YES;
				CLANG_WARN_INFINITE_RECURSION = YES;
				CLANG_WARN_INT_CONVERSION = YES;
				CLANG_WARN_NON_LITERAL_NULL_CONVERSION = YES;
				CLANG_WARN_OBJC_IMPLICIT_RETAIN_SELF = YES;
				CLANG_WARN_OBJC_LITERAL_CONVERSION = YES;
				CLANG_WARN_OBJC_ROOT_CLASS = YES_ERROR;
				CLANG_WARN_QUOTED_INCLUDE_IN_FRAMEWORK_HEADER = YES;
				CLANG_WARN_RANGE_LOOP_ANALYSIS = YES;
				CLANG_WARN_STRICT_PROTOTYPES = YES;
				CLANG_WARN_SUSPICIOUS_MOVE = YES;
				CLANG_WARN_UNGUARDED_AVAILABILITY = YES_AGGRESSIVE;
				CLANG_WARN_UNREACHABLE_CODE = YES;
				CLANG_WARN__DUPLICATE_METHOD_MATCH = YES;
				COPY_PHASE_STRIP = NO;
				DEBUG_INFORMATION_FORMAT = "dwarf-with-dsym";
				ENABLE_NS_ASSERTIONS = NO;
				ENABLE_STRICT_OBJC_MSGSEND = YES;
				GCC_C_LANGUAGE_STANDARD = gnu11;
				GCC_NO_COMMON_BLOCKS = YES;
				GCC_WARN_64_TO_32_BIT_CONVERSION = YES;
				GCC_WARN_ABOUT_RETURN_TYPE = YES_ERROR;
				GCC_WARN_UNDECLARED_SELECTOR = YES;
				GCC_WARN_UNINITIALIZED_AUTOS = YES_AGGRESSIVE;
				GCC_WARN_UNUSED_FUNCTION = YES;
				GCC_WARN_UNUSED_VARIABLE = YES;
				IPHONEOS_DEPLOYMENT_TARGET = 15.0;
				MTL_ENABLE_DEBUG_INFO = NO;
				MTL_FAST_MATH = YES;
				SDKROOT = iphoneos;
				SWIFT_COMPILATION_MODE = wholemodule;
				SWIFT_OPTIMIZATION_LEVEL = "-O";
				VALIDATE_PRODUCT = YES;
			};
			name = Release;
		};
		F81CEB362762874C0079AB5A /* Debug */ = {
			isa = XCBuildConfiguration;
			baseConfigurationReference = 200C76BE4BB7F67EE9B60F93 /* Pods-Weather App.debug.xcconfig */;
			buildSettings = {
				ASSETCATALOG_COMPILER_APPICON_NAME = AppIcon;
				ASSETCATALOG_COMPILER_GLOBAL_ACCENT_COLOR_NAME = AccentColor;
				CODE_SIGN_STYLE = Automatic;
				CURRENT_PROJECT_VERSION = 1;
				DEVELOPMENT_TEAM = X9KNWKJCG9;
				GENERATE_INFOPLIST_FILE = YES;
				INFOPLIST_FILE = "Weather App/Info.plist";
				INFOPLIST_KEY_UIApplicationSupportsIndirectInputEvents = YES;
				INFOPLIST_KEY_UILaunchStoryboardName = LaunchScreen;
				INFOPLIST_KEY_UIMainStoryboardFile = Main;
				INFOPLIST_KEY_UISupportedInterfaceOrientations_iPad = "UIInterfaceOrientationPortrait UIInterfaceOrientationPortraitUpsideDown UIInterfaceOrientationLandscapeLeft UIInterfaceOrientationLandscapeRight";
				INFOPLIST_KEY_UISupportedInterfaceOrientations_iPhone = "UIInterfaceOrientationPortrait UIInterfaceOrientationLandscapeLeft UIInterfaceOrientationLandscapeRight";
				IPHONEOS_DEPLOYMENT_TARGET = 13.0;
				LD_RUNPATH_SEARCH_PATHS = (
					"$(inherited)",
					"@executable_path/Frameworks",
				);
				MARKETING_VERSION = 1.0;
				PRODUCT_BUNDLE_IDENTIFIER = "com.efimov.weather.app.Weather-App";
				PRODUCT_NAME = "$(TARGET_NAME)";
				SWIFT_EMIT_LOC_STRINGS = YES;
				SWIFT_VERSION = 5.0;
				TARGETED_DEVICE_FAMILY = "1,2";
			};
			name = Debug;
		};
		F81CEB372762874C0079AB5A /* Release */ = {
			isa = XCBuildConfiguration;
			baseConfigurationReference = 2202CFE2E100197440970D98 /* Pods-Weather App.release.xcconfig */;
			buildSettings = {
				ASSETCATALOG_COMPILER_APPICON_NAME = AppIcon;
				ASSETCATALOG_COMPILER_GLOBAL_ACCENT_COLOR_NAME = AccentColor;
				CODE_SIGN_STYLE = Automatic;
				CURRENT_PROJECT_VERSION = 1;
				DEVELOPMENT_TEAM = X9KNWKJCG9;
				GENERATE_INFOPLIST_FILE = YES;
				INFOPLIST_FILE = "Weather App/Info.plist";
				INFOPLIST_KEY_UIApplicationSupportsIndirectInputEvents = YES;
				INFOPLIST_KEY_UILaunchStoryboardName = LaunchScreen;
				INFOPLIST_KEY_UIMainStoryboardFile = Main;
				INFOPLIST_KEY_UISupportedInterfaceOrientations_iPad = "UIInterfaceOrientationPortrait UIInterfaceOrientationPortraitUpsideDown UIInterfaceOrientationLandscapeLeft UIInterfaceOrientationLandscapeRight";
				INFOPLIST_KEY_UISupportedInterfaceOrientations_iPhone = "UIInterfaceOrientationPortrait UIInterfaceOrientationLandscapeLeft UIInterfaceOrientationLandscapeRight";
				IPHONEOS_DEPLOYMENT_TARGET = 13.0;
				LD_RUNPATH_SEARCH_PATHS = (
					"$(inherited)",
					"@executable_path/Frameworks",
				);
				MARKETING_VERSION = 1.0;
				PRODUCT_BUNDLE_IDENTIFIER = "com.efimov.weather.app.Weather-App";
				PRODUCT_NAME = "$(TARGET_NAME)";
				SWIFT_EMIT_LOC_STRINGS = YES;
				SWIFT_VERSION = 5.0;
				TARGETED_DEVICE_FAMILY = "1,2";
			};
			name = Release;
		};
/* End XCBuildConfiguration section */

/* Begin XCConfigurationList section */
		F81CEB192762874C0079AB5A /* Build configuration list for PBXProject "Weather App" */ = {
			isa = XCConfigurationList;
			buildConfigurations = (
				F81CEB332762874C0079AB5A /* Debug */,
				F81CEB342762874C0079AB5A /* Release */,
			);
			defaultConfigurationIsVisible = 0;
			defaultConfigurationName = Release;
		};
		F81CEB352762874C0079AB5A /* Build configuration list for PBXNativeTarget "Weather App" */ = {
			isa = XCConfigurationList;
			buildConfigurations = (
				F81CEB362762874C0079AB5A /* Debug */,
				F81CEB372762874C0079AB5A /* Release */,
			);
			defaultConfigurationIsVisible = 0;
			defaultConfigurationName = Release;
		};
/* End XCConfigurationList section */

/* Begin XCVersionGroup section */
		F81CEB2A2762874C0079AB5A /* Weather_App.xcdatamodeld */ = {
			isa = XCVersionGroup;
			children = (
				F81CEB2B2762874C0079AB5A /* Weather_App.xcdatamodel */,
			);
			currentVersion = F81CEB2B2762874C0079AB5A /* Weather_App.xcdatamodel */;
			path = Weather_App.xcdatamodeld;
			sourceTree = "<group>";
			versionGroupType = wrapper.xcdatamodel;
		};
/* End XCVersionGroup section */
	};
	rootObject = F81CEB162762874C0079AB5A /* Project object */;
}
